
Microsoft Visual Studio Solution File, Format Version 12.00
# Visual Studio 15
Project("{FAE04EC0-301F-11D3-BF4B-00C04F79EFBC}") = "skultuna", "skultuna\skultuna.csproj", "{41CACBDF-221A-4B85-A2E1-7591EBE6DB09}"
EndProject
Global
	GlobalSection(SolutionConfigurationPlatforms) = preSolution
		Debug|Any CPU = Debug|Any CPU
		Release|Any CPU = Release|Any CPU
	EndGlobalSection
	GlobalSection(ProjectConfigurationPlatforms) = postSolution
		{41CACBDF-221A-4B85-A2E1-7591EBE6DB09}.Debug|Any CPU.ActiveCfg = Debug|Any CPU
		{41CACBDF-221A-4B85-A2E1-7591EBE6DB09}.Debug|Any CPU.Build.0 = Debug|Any CPU
		{41CACBDF-221A-4B85-A2E1-7591EBE6DB09}.Release|Any CPU.ActiveCfg = Release|Any CPU
		{41CACBDF-221A-4B85-A2E1-7591EBE6DB09}.Release|Any CPU.Build.0 = Release|Any CPU
	EndGlobalSection
EndGlobal
